
Microsoft Visual Studio Solution File, Format Version 12.00
# Visual Studio Version 17
VisualStudioVersion = 17.5.33530.505
MinimumVisualStudioVersion = 10.0.40219.1
Project("{FAE04EC0-301F-11D3-BF4B-00C04F79EFBC}") = "Fiorello-backend", "Fiorello-backend\Fiorello-backend.csproj", "{75E8A349-42A6-4A0A-BA43-E9E30AAFC64A}"
EndProject
Global
	GlobalSection(SolutionConfigurationPlatforms) = preSolution
		Debug|Any CPU = Debug|Any CPU
		Release|Any CPU = Release|Any CPU
	EndGlobalSection
	GlobalSection(ProjectConfigurationPlatforms) = postSolution
		{75E8A349-42A6-4A0A-BA43-E9E30AAFC64A}.Debug|Any CPU.ActiveCfg = Debug|Any CPU
		{75E8A349-42A6-4A0A-BA43-E9E30AAFC64A}.Debug|Any CPU.Build.0 = Debug|Any CPU
		{75E8A349-42A6-4A0A-BA43-E9E30AAFC64A}.Release|Any CPU.ActiveCfg = Release|Any CPU
		{75E8A349-42A6-4A0A-BA43-E9E30AAFC64A}.Release|Any CPU.Build.0 = Release|Any CPU
	EndGlobalSection
	GlobalSection(SolutionProperties) = preSolution
		HideSolutionNode = FALSE
	EndGlobalSection
	GlobalSection(ExtensibilityGlobals) = postSolution
		SolutionGuid = {5200E60D-4904-487B-A8B0-C97AB5FD4136}
	EndGlobalSection
EndGlobal
